
Microsoft Visual Studio Solution File, Format Version 12.00
# Visual Studio 15
VisualStudioVersion = 15.0.28307.106
MinimumVisualStudioVersion = 10.0.40219.1
Project("{8BC9CEB8-8B4A-11D0-8D11-00A0C91BC942}") = "mfd", "mfd\mfd.vcxproj", "{316161CF-8B6F-41F9-A7D5-76D6037B8A5D}"
EndProject
Project("{8BC9CEB8-8B4A-11D0-8D11-00A0C91BC942}") = "mfd-user", "mfd-user\mfd-user.vcxproj", "{9B222C61-C4F8-4391-A0E5-9112C3F162A5}"
EndProject
Global
	GlobalSection(SolutionConfigurationPlatforms) = preSolution
		Debug|x64 = Debug|x64
		Debug|x86 = Debug|x86
		Release|x64 = Release|x64
		Release|x86 = Release|x86
	EndGlobalSection
	GlobalSection(ProjectConfigurationPlatforms) = postSolution
		{316161CF-8B6F-41F9-A7D5-76D6037B8A5D}.Debug|x64.ActiveCfg = Debug|x64
		{316161CF-8B6F-41F9-A7D5-76D6037B8A5D}.Debug|x64.Build.0 = Debug|x64
		{316161CF-8B6F-41F9-A7D5-76D6037B8A5D}.Debug|x64.Deploy.0 = Debug|x64
		{316161CF-8B6F-41F9-A7D5-76D6037B8A5D}.Debug|x86.ActiveCfg = Debug|Win32
		{316161CF-8B6F-41F9-A7D5-76D6037B8A5D}.Debug|x86.Build.0 = Debug|Win32
		{316161CF-8B6F-41F9-A7D5-76D6037B8A5D}.Debug|x86.Deploy.0 = Debug|Win32
		{316161CF-8B6F-41F9-A7D5-76D6037B8A5D}.Release|x64.ActiveCfg = Release|x64
		{316161CF-8B6F-41F9-A7D5-76D6037B8A5D}.Release|x64.Build.0 = Release|x64
		{316161CF-8B6F-41F9-A7D5-76D6037B8A5D}.Release|x64.Deploy.0 = Release|x64
		{316161CF-8B6F-41F9-A7D5-76D6037B8A5D}.Release|x86.ActiveCfg = Release|Win32
		{316161CF-8B6F-41F9-A7D5-76D6037B8A5D}.Release|x86.Build.0 = Release|Win32
		{316161CF-8B6F-41F9-A7D5-76D6037B8A5D}.Release|x86.Deploy.0 = Release|Win32
		{9B222C61-C4F8-4391-A0E5-9112C3F162A5}.Debug|x64.ActiveCfg = Debug|x64
		{9B222C61-C4F8-4391-A0E5-9112C3F162A5}.Debug|x64.Build.0 = Debug|x64
		{9B222C61-C4F8-4391-A0E5-9112C3F162A5}.Debug|x86.ActiveCfg = Debug|Win32
		{9B222C61-C4F8-4391-A0E5-9112C3F162A5}.Debug|x86.Build.0 = Debug|Win32
		{9B222C61-C4F8-4391-A0E5-9112C3F162A5}.Release|x64.ActiveCfg = Release|x64
		{9B222C61-C4F8-4391-A0E5-9112C3F162A5}.Release|x64.Build.0 = Release|x64
		{9B222C61-C4F8-4391-A0E5-9112C3F162A5}.Release|x86.ActiveCfg = Release|Win32
		{9B222C61-C4F8-4391-A0E5-9112C3F162A5}.Release|x86.Build.0 = Release|Win32
	EndGlobalSection
	GlobalSection(SolutionProperties) = preSolution
		HideSolutionNode = FALSE
	EndGlobalSection
	GlobalSection(ExtensibilityGlobals) = postSolution
		SolutionGuid = {F2680548-32B5-4FB7-B6E3-B54955565234}
	EndGlobalSection
EndGlobal
