<?xml version="1.0" encoding="utf-8"?>
<Project ToolsVersion="4.0" xmlns="http://schemas.microsoft.com/developer/msbuild/2003">
  <ItemGroup>
    <Filter Include="Source Files">
      <UniqueIdentifier>{4FC737F1-C7A5-4376-A066-2A32D752A2FF}</UniqueIdentifier>
      <Extensions>cpp;c;cc;cxx;def;odl;idl;hpj;bat;asm;asmx</Extensions>
    </Filter>
    <Filter Include="Header Files">
      <UniqueIdentifier>{93995380-89BD-4b04-88EB-625FBE52EBFB}</UniqueIdentifier>
      <Extensions>h;hpp;hxx;hm;inl;inc;xsd</Extensions>
    </Filter>
    <Filter Include="Resource Files">
      <UniqueIdentifier>{67DA6AB6-F800-4c08-8B7A-83BB121AAD01}</UniqueIdentifier>
      <Extensions>rc;ico;cur;bmp;dlg;rc2;rct;bin;rgs;gif;jpg;jpeg;jpe;resx;tiff;tif;png;wav;mfcribbon-ms</Extensions>
    </Filter>
    <Filter Include="Driver Files">
      <UniqueIdentifier>{8E41214B-6785-4CFE-B992-037D68949A14}</UniqueIdentifier>
      <Extensions>inf;inv;inx;mof;mc;</Extensions>
    </Filter>
    <Filter Include="Common">
      <UniqueIdentifier>{45bdc8d9-7c5d-4b9e-b5c5-7db4c3266b23}</UniqueIdentifier>
    </Filter>
    <Filter Include="Library">
      <UniqueIdentifier>{438a3e63-520b-411c-a681-8c791a791e94}</UniqueIdentifier>
    </Filter>
    <Filter Include="Library\Zydis">
      <UniqueIdentifier>{b0586578-4276-4d73-adf5-24eee65c7659}</UniqueIdentifier>
    </Filter>
    <Filter Include="Library\Zydis\include">
      <UniqueIdentifier>{75a8692d-cb12-4ac3-9804-1afcef03457b}</UniqueIdentifier>
    </Filter>
    <Filter Include="Library\Zydis\include\Generated">
      <UniqueIdentifier>{fd31cf42-bfde-4036-a9da-9eabde0958a6}</UniqueIdentifier>
    </Filter>
    <Filter Include="Library\Zydis\include\Internal">
      <UniqueIdentifier>{7afeb157-b65e-43e1-b0ec-496048a19d8f}</UniqueIdentifier>
    </Filter>
    <Filter Include="Library\Zydis\src">
      <UniqueIdentifier>{080dc0c0-2b03-4fdc-bdba-47fd3ca7f09e}</UniqueIdentifier>
    </Filter>
    <Filter Include="Library\Zydis\src\Generated">
      <UniqueIdentifier>{0b9a0c0a-6098-427f-a7cf-03cfbb156752}</UniqueIdentifier>
    </Filter>
  </ItemGroup>
  <ItemGroup>
    <Inf Include="mfd.inf">
      <Filter>Driver Files</Filter>
    </Inf>
  </ItemGroup>
  <ItemGroup>
    <ResourceCompile Include="mfd.rc">
      <Filter>Resource Files</Filter>
    </ResourceCompile>
  </ItemGroup>
  <ItemGroup>
    <ClInclude Include="..\mfd-common\mfd_common.h">
      <Filter>Common</Filter>
    </ClInclude>
    <ClInclude Include="..\mfd-common\mfd_undocument.h">
      <Filter>Common</Filter>
    </ClInclude>
    <ClInclude Include="mfd.h">
      <Filter>Header Files</Filter>
    </ClInclude>
    <ClInclude Include="mfd_handler.h">
      <Filter>Header Files</Filter>
    </ClInclude>
    <ClInclude Include="mfd_function.h">
      <Filter>Header Files</Filter>
    </ClInclude>
    <ClInclude Include="mfd_cache.h">
      <Filter>Header Files</Filter>
    </ClInclude>
    <ClInclude Include="mfd_communication.h">
      <Filter>Header Files</Filter>
    </ClInclude>
    <ClInclude Include="mfd_context.h">
      <Filter>Header Files</Filter>
    </ClInclude>
    <ClInclude Include="..\mfd-library\Zydis\include\Zydis\CommonTypes.h">
      <Filter>Library\Zydis\include</Filter>
    </ClInclude>
    <ClInclude Include="..\mfd-library\Zydis\include\Zydis\Decoder.h">
      <Filter>Library\Zydis\include</Filter>
    </ClInclude>
    <ClInclude Include="..\mfd-library\Zydis\include\Zydis\DecoderTypes.h">
      <Filter>Library\Zydis\include</Filter>
    </ClInclude>
    <ClInclude Include="..\mfd-library\Zydis\include\Zydis\Defines.h">
      <Filter>Library\Zydis\include</Filter>
    </ClInclude>
    <ClInclude Include="..\mfd-library\Zydis\include\Zydis\Formatter.h">
      <Filter>Library\Zydis\include</Filter>
    </ClInclude>
    <ClInclude Include="..\mfd-library\Zydis\include\Zydis\MetaInfo.h">
      <Filter>Library\Zydis\include</Filter>
    </ClInclude>
    <ClInclude Include="..\mfd-library\Zydis\include\Zydis\Mnemonic.h">
      <Filter>Library\Zydis\include</Filter>
    </ClInclude>
    <ClInclude Include="..\mfd-library\Zydis\include\Zydis\Register.h">
      <Filter>Library\Zydis\include</Filter>
    </ClInclude>
    <ClInclude Include="..\mfd-library\Zydis\include\Zydis\SharedTypes.h">
      <Filter>Library\Zydis\include</Filter>
    </ClInclude>
    <ClInclude Include="..\mfd-library\Zydis\include\Zydis\Status.h">
      <Filter>Library\Zydis\include</Filter>
    </ClInclude>
    <ClInclude Include="..\mfd-library\Zydis\include\Zydis\String.h">
      <Filter>Library\Zydis\include</Filter>
    </ClInclude>
    <ClInclude Include="..\mfd-library\Zydis\include\Zydis\Utils.h">
      <Filter>Library\Zydis\include</Filter>
    </ClInclude>
    <ClInclude Include="..\mfd-library\Zydis\include\Zydis\Zydis.h">
      <Filter>Library\Zydis\include</Filter>
    </ClInclude>
    <ClInclude Include="..\mfd-library\Zydis\include\Zydis\Generated\EnumInstructionCategory.h">
      <Filter>Library\Zydis\include\Generated</Filter>
    </ClInclude>
    <ClInclude Include="..\mfd-library\Zydis\include\Zydis\Generated\EnumISAExt.h">
      <Filter>Library\Zydis\include\Generated</Filter>
    </ClInclude>
    <ClInclude Include="..\mfd-library\Zydis\include\Zydis\Generated\EnumISASet.h">
      <Filter>Library\Zydis\include\Generated</Filter>
    </ClInclude>
    <ClInclude Include="..\mfd-library\Zydis\include\Zydis\Generated\EnumMnemonic.h">
      <Filter>Library\Zydis\include\Generated</Filter>
    </ClInclude>
    <ClInclude Include="..\mfd-library\Zydis\include\Zydis\Generated\EnumRegister.h">
      <Filter>Library\Zydis\include\Generated</Filter>
    </ClInclude>
    <ClInclude Include="..\mfd-library\Zydis\include\Zydis\Internal\DecoderData.h">
      <Filter>Library\Zydis\include\Internal</Filter>
    </ClInclude>
    <ClInclude Include="..\mfd-library\Zydis\include\Zydis\Internal\LibC.h">
      <Filter>Library\Zydis\include\Internal</Filter>
    </ClInclude>
    <ClInclude Include="..\mfd-library\Zydis\include\Zydis\Internal\SharedData.h">
      <Filter>Library\Zydis\include\Internal</Filter>
    </ClInclude>
    <ClInclude Include="mfd_disassemble.h">
      <Filter>Header Files</Filter>
    </ClInclude>
  </ItemGroup>
  <ItemGroup>
    <ClCompile Include="mfd.c">
      <Filter>Source Files</Filter>
    </ClCompile>
    <ClCompile Include="mfd_cache.c">
      <Filter>Source Files</Filter>
    </ClCompile>
    <ClCompile Include="mfd_communication.c">
      <Filter>Source Files</Filter>
    </ClCompile>
    <ClCompile Include="mfd_context.c">
      <Filter>Source Files</Filter>
    </ClCompile>
    <ClCompile Include="mfd_function.c">
      <Filter>Source Files</Filter>
    </ClCompile>
    <ClCompile Include="mfd_handler.c">
      <Filter>Source Files</Filter>
    </ClCompile>
    <ClCompile Include="..\mfd-library\Zydis\src\Decoder.c">
      <Filter>Library\Zydis\src</Filter>
    </ClCompile>
    <ClCompile Include="..\mfd-library\Zydis\src\DecoderData.c">
      <Filter>Library\Zydis\src</Filter>
    </ClCompile>
    <ClCompile Include="..\mfd-library\Zydis\src\Formatter.c">
      <Filter>Library\Zydis\src</Filter>
    </ClCompile>
    <ClCompile Include="..\mfd-library\Zydis\src\MetaInfo.c">
      <Filter>Library\Zydis\src</Filter>
    </ClCompile>
    <ClCompile Include="..\mfd-library\Zydis\src\Mnemonic.c">
      <Filter>Library\Zydis\src</Filter>
    </ClCompile>
    <ClCompile Include="..\mfd-library\Zydis\src\Register.c">
      <Filter>Library\Zydis\src</Filter>
    </ClCompile>
    <ClCompile Include="..\mfd-library\Zydis\src\SharedData.c">
      <Filter>Library\Zydis\src</Filter>
    </ClCompile>
    <ClCompile Include="..\mfd-library\Zydis\src\String.c">
      <Filter>Library\Zydis\src</Filter>
    </ClCompile>
    <ClCompile Include="..\mfd-library\Zydis\src\Utils.c">
      <Filter>Library\Zydis\src</Filter>
    </ClCompile>
    <ClCompile Include="..\mfd-library\Zydis\src\Zydis.c">
      <Filter>Library\Zydis\src</Filter>
    </ClCompile>
    <ClCompile Include="mfd_disassemble.c">
      <Filter>Source Files</Filter>
    </ClCompile>
  </ItemGroup>
  <ItemGroup>
    <None Include="..\mfd-library\Zydis\src\Generated\AccessedFlags.inc">
      <Filter>Library\Zydis\src\Generated</Filter>
    </None>
    <None Include="..\mfd-library\Zydis\src\Generated\DecoderTables.inc">
      <Filter>Library\Zydis\src\Generated</Filter>
    </None>
    <None Include="..\mfd-library\Zydis\src\Generated\EncodableInstructions.inc">
      <Filter>Library\Zydis\src\Generated</Filter>
    </None>
    <None Include="..\mfd-library\Zydis\src\Generated\EnumInstructionCategory.inc">
      <Filter>Library\Zydis\src\Generated</Filter>
    </None>
    <None Include="..\mfd-library\Zydis\src\Generated\EnumISAExt.inc">
      <Filter>Library\Zydis\src\Generated</Filter>
    </None>
    <None Include="..\mfd-library\Zydis\src\Generated\EnumISASet.inc">
      <Filter>Library\Zydis\src\Generated</Filter>
    </None>
    <None Include="..\mfd-library\Zydis\src\Generated\EnumMnemonic.inc">
      <Filter>Library\Zydis\src\Generated</Filter>
    </None>
    <None Include="..\mfd-library\Zydis\src\Generated\EnumRegister.inc">
      <Filter>Library\Zydis\src\Generated</Filter>
    </None>
    <None Include="..\mfd-library\Zydis\src\Generated\InstructionDefinitions.inc">
      <Filter>Library\Zydis\src\Generated</Filter>
    </None>
    <None Include="..\mfd-library\Zydis\src\Generated\InstructionEncodings.inc">
      <Filter>Library\Zydis\src\Generated</Filter>
    </None>
    <None Include="..\mfd-library\Zydis\src\Generated\OperandDefinitions.inc">
      <Filter>Library\Zydis\src\Generated</Filter>
    </None>
  </ItemGroup>
</Project>